
Microsoft Visual Studio Solution File, Format Version 12.00
# Visual Studio 15
VisualStudioVersion = 15.0.27703.2047
MinimumVisualStudioVersion = 10.0.40219.1
Project("{FAE04EC0-301F-11D3-BF4B-00C04F79EFBC}") = "Muruchi.Rosa.2A", "Muruchi.Rosa.2A\Muruchi.Rosa.2A.csproj", "{E6A1EEB5-11C1-4000-8BDB-7295505D2727}"
EndProject
Project("{FAE04EC0-301F-11D3-BF4B-00C04F79EFBC}") = "PruebaMascotas", "PruebaMascotas\PruebaMascotas.csproj", "{935BFD47-23E6-46BE-BA56-CD8976577693}"
EndProject
Global
	GlobalSection(SolutionConfigurationPlatforms) = preSolution
		Debug|Any CPU = Debug|Any CPU
		Release|Any CPU = Release|Any CPU
	EndGlobalSection
	GlobalSection(ProjectConfigurationPlatforms) = postSolution
		{E6A1EEB5-11C1-4000-8BDB-7295505D2727}.Debug|Any CPU.ActiveCfg = Debug|Any CPU
		{E6A1EEB5-11C1-4000-8BDB-7295505D2727}.Debug|Any CPU.Build.0 = Debug|Any CPU
		{E6A1EEB5-11C1-4000-8BDB-7295505D2727}.Release|Any CPU.ActiveCfg = Release|Any CPU
		{E6A1EEB5-11C1-4000-8BDB-7295505D2727}.Release|Any CPU.Build.0 = Release|Any CPU
		{935BFD47-23E6-46BE-BA56-CD8976577693}.Debug|Any CPU.ActiveCfg = Debug|Any CPU
		{935BFD47-23E6-46BE-BA56-CD8976577693}.Debug|Any CPU.Build.0 = Debug|Any CPU
		{935BFD47-23E6-46BE-BA56-CD8976577693}.Release|Any CPU.ActiveCfg = Release|Any CPU
		{935BFD47-23E6-46BE-BA56-CD8976577693}.Release|Any CPU.Build.0 = Release|Any CPU
	EndGlobalSection
	GlobalSection(SolutionProperties) = preSolution
		HideSolutionNode = FALSE
	EndGlobalSection
	GlobalSection(ExtensibilityGlobals) = postSolution
		SolutionGuid = {09EA867C-3C6C-4614-A2FF-F38EE6A746CC}
	EndGlobalSection
EndGlobal
