
Microsoft Visual Studio Solution File, Format Version 12.00
# Visual Studio 15
VisualStudioVersion = 15.0.27703.2047
MinimumVisualStudioVersion = 10.0.40219.1
Project("{FAE04EC0-301F-11D3-BF4B-00C04F79EFBC}") = "Entidades", "Entidades\Entidades.csproj", "{91474C42-78BA-48EF-9822-CF76010C08E3}"
EndProject
Project("{FAE04EC0-301F-11D3-BF4B-00C04F79EFBC}") = "TestEntidades", "TestEntidades\TestEntidades.csproj", "{E6AB7570-1CB4-424E-B282-5A8BAC861FC3}"
EndProject
Project("{FAE04EC0-301F-11D3-BF4B-00C04F79EFBC}") = "WindowsForms", "WindowsForms\WindowsForms.csproj", "{20912134-6D65-4482-863D-19D113BFEF55}"
EndProject
Global
	GlobalSection(SolutionConfigurationPlatforms) = preSolution
		Debug|Any CPU = Debug|Any CPU
		Release|Any CPU = Release|Any CPU
	EndGlobalSection
	GlobalSection(ProjectConfigurationPlatforms) = postSolution
		{91474C42-78BA-48EF-9822-CF76010C08E3}.Debug|Any CPU.ActiveCfg = Debug|Any CPU
		{91474C42-78BA-48EF-9822-CF76010C08E3}.Debug|Any CPU.Build.0 = Debug|Any CPU
		{91474C42-78BA-48EF-9822-CF76010C08E3}.Release|Any CPU.ActiveCfg = Release|Any CPU
		{91474C42-78BA-48EF-9822-CF76010C08E3}.Release|Any CPU.Build.0 = Release|Any CPU
		{E6AB7570-1CB4-424E-B282-5A8BAC861FC3}.Debug|Any CPU.ActiveCfg = Debug|Any CPU
		{E6AB7570-1CB4-424E-B282-5A8BAC861FC3}.Debug|Any CPU.Build.0 = Debug|Any CPU
		{E6AB7570-1CB4-424E-B282-5A8BAC861FC3}.Release|Any CPU.ActiveCfg = Release|Any CPU
		{E6AB7570-1CB4-424E-B282-5A8BAC861FC3}.Release|Any CPU.Build.0 = Release|Any CPU
		{20912134-6D65-4482-863D-19D113BFEF55}.Debug|Any CPU.ActiveCfg = Debug|Any CPU
		{20912134-6D65-4482-863D-19D113BFEF55}.Debug|Any CPU.Build.0 = Debug|Any CPU
		{20912134-6D65-4482-863D-19D113BFEF55}.Release|Any CPU.ActiveCfg = Release|Any CPU
		{20912134-6D65-4482-863D-19D113BFEF55}.Release|Any CPU.Build.0 = Release|Any CPU
	EndGlobalSection
	GlobalSection(SolutionProperties) = preSolution
		HideSolutionNode = FALSE
	EndGlobalSection
	GlobalSection(ExtensibilityGlobals) = postSolution
		SolutionGuid = {9A117E41-F50A-4855-B94A-C1C69C21F287}
	EndGlobalSection
EndGlobal
