
Microsoft Visual Studio Solution File, Format Version 12.00
# Visual Studio 15
VisualStudioVersion = 15.0.27703.2047
MinimumVisualStudioVersion = 10.0.40219.1
Project("{FAE04EC0-301F-11D3-BF4B-00C04F79EFBC}") = "Entidades", "Entidades\Entidades.csproj", "{CE66CBD9-1275-4BC6-BEAD-C12626216665}"
EndProject
Project("{FAE04EC0-301F-11D3-BF4B-00C04F79EFBC}") = "TestEntidades", "TestEntidades\TestEntidades.csproj", "{3F4D36C5-6C49-4FD2-B3BF-09E503EF240A}"
EndProject
Global
	GlobalSection(SolutionConfigurationPlatforms) = preSolution
		Debug|Any CPU = Debug|Any CPU
		Release|Any CPU = Release|Any CPU
	EndGlobalSection
	GlobalSection(ProjectConfigurationPlatforms) = postSolution
		{CE66CBD9-1275-4BC6-BEAD-C12626216665}.Debug|Any CPU.ActiveCfg = Debug|Any CPU
		{CE66CBD9-1275-4BC6-BEAD-C12626216665}.Debug|Any CPU.Build.0 = Debug|Any CPU
		{CE66CBD9-1275-4BC6-BEAD-C12626216665}.Release|Any CPU.ActiveCfg = Release|Any CPU
		{CE66CBD9-1275-4BC6-BEAD-C12626216665}.Release|Any CPU.Build.0 = Release|Any CPU
		{3F4D36C5-6C49-4FD2-B3BF-09E503EF240A}.Debug|Any CPU.ActiveCfg = Debug|Any CPU
		{3F4D36C5-6C49-4FD2-B3BF-09E503EF240A}.Debug|Any CPU.Build.0 = Debug|Any CPU
		{3F4D36C5-6C49-4FD2-B3BF-09E503EF240A}.Release|Any CPU.ActiveCfg = Release|Any CPU
		{3F4D36C5-6C49-4FD2-B3BF-09E503EF240A}.Release|Any CPU.Build.0 = Release|Any CPU
	EndGlobalSection
	GlobalSection(SolutionProperties) = preSolution
		HideSolutionNode = FALSE
	EndGlobalSection
	GlobalSection(ExtensibilityGlobals) = postSolution
		SolutionGuid = {71991B25-96F6-4363-9C07-FAF9D94B576C}
	EndGlobalSection
EndGlobal
